
Microsoft Visual Studio Solution File, Format Version 12.00
# Visual Studio Version 16
VisualStudioVersion = 16.0.30011.22
MinimumVisualStudioVersion = 10.0.40219.1
Project("{FAE04EC0-301F-11D3-BF4B-00C04F79EFBC}") = "8_gyak_fejlesztesi_mintak", "8_gyak_fejlesztesi_mintak\8_gyak_fejlesztesi_mintak.csproj", "{0BF69B5E-1721-47C3-BBDF-AAC5A7F6D111}"
EndProject
Global
	GlobalSection(SolutionConfigurationPlatforms) = preSolution
		Debug|Any CPU = Debug|Any CPU
		Release|Any CPU = Release|Any CPU
	EndGlobalSection
	GlobalSection(ProjectConfigurationPlatforms) = postSolution
		{0BF69B5E-1721-47C3-BBDF-AAC5A7F6D111}.Debug|Any CPU.ActiveCfg = Debug|Any CPU
		{0BF69B5E-1721-47C3-BBDF-AAC5A7F6D111}.Debug|Any CPU.Build.0 = Debug|Any CPU
		{0BF69B5E-1721-47C3-BBDF-AAC5A7F6D111}.Release|Any CPU.ActiveCfg = Release|Any CPU
		{0BF69B5E-1721-47C3-BBDF-AAC5A7F6D111}.Release|Any CPU.Build.0 = Release|Any CPU
	EndGlobalSection
	GlobalSection(SolutionProperties) = preSolution
		HideSolutionNode = FALSE
	EndGlobalSection
	GlobalSection(ExtensibilityGlobals) = postSolution
		SolutionGuid = {7100E5A1-4E2E-4A37-BFAF-CD284F7DBB84}
	EndGlobalSection
EndGlobal
